
Microsoft Visual Studio Solution File, Format Version 12.00
# Visual Studio 15
VisualStudioVersion = 15.0.28307.489
MinimumVisualStudioVersion = 10.0.40219.1
Project("{FAE04EC0-301F-11D3-BF4B-00C04F79EFBC}") = "Sock Merchant", "Sock Merchant\Sock Merchant.csproj", "{56519091-DDD8-4A56-ABA3-F930AA7016E2}"
EndProject
Global
	GlobalSection(SolutionConfigurationPlatforms) = preSolution
		Debug|Any CPU = Debug|Any CPU
		Release|Any CPU = Release|Any CPU
	EndGlobalSection
	GlobalSection(ProjectConfigurationPlatforms) = postSolution
		{56519091-DDD8-4A56-ABA3-F930AA7016E2}.Debug|Any CPU.ActiveCfg = Debug|Any CPU
		{56519091-DDD8-4A56-ABA3-F930AA7016E2}.Debug|Any CPU.Build.0 = Debug|Any CPU
		{56519091-DDD8-4A56-ABA3-F930AA7016E2}.Release|Any CPU.ActiveCfg = Release|Any CPU
		{56519091-DDD8-4A56-ABA3-F930AA7016E2}.Release|Any CPU.Build.0 = Release|Any CPU
	EndGlobalSection
	GlobalSection(SolutionProperties) = preSolution
		HideSolutionNode = FALSE
	EndGlobalSection
	GlobalSection(ExtensibilityGlobals) = postSolution
		SolutionGuid = {64B8D111-2BF5-4EB9-B5C4-F55A34B6F588}
	EndGlobalSection
EndGlobal
